// !$*UTF8*$!
{
	archiveVersion = 1;
	classes = {
	};
	objectVersion = 77;
	objects = {

/* Begin PBXContainerItemProxy section */
		1B49D1A62CAF361E009D0285 /* PBXContainerItemProxy */ = {
			isa = PBXContainerItemProxy;
			containerPortal = 1B49D18D2CAF361C009D0285 /* Project object */;
			proxyType = 1;
			remoteGlobalIDString = 1B49D1942CAF361C009D0285;
			remoteInfo = TaskSquirrel;
		};
		1B49D1B02CAF361E009D0285 /* PBXContainerItemProxy */ = {
			isa = PBXContainerItemProxy;
			containerPortal = 1B49D18D2CAF361C009D0285 /* Project object */;
			proxyType = 1;
			remoteGlobalIDString = 1B49D1942CAF361C009D0285;
			remoteInfo = TaskSquirrel;
		};
/* End PBXContainerItemProxy section */

/* Begin PBXFileReference section */
		1B49D1952CAF361C009D0285 /* TaskSquirrel.app */ = {isa = PBXFileReference; explicitFileType = wrapper.application; includeInIndex = 0; path = TaskSquirrel.app; sourceTree = BUILT_PRODUCTS_DIR; };
		1B49D1A52CAF361E009D0285 /* TaskSquirrelTests.xctest */ = {isa = PBXFileReference; explicitFileType = wrapper.cfbundle; includeInIndex = 0; path = TaskSquirrelTests.xctest; sourceTree = BUILT_PRODUCTS_DIR; };
		1B49D1AF2CAF361E009D0285 /* TaskSquirrelUITests.xctest */ = {isa = PBXFileReference; explicitFileType = wrapper.cfbundle; includeInIndex = 0; path = TaskSquirrelUITests.xctest; sourceTree = BUILT_PRODUCTS_DIR; };
/* End PBXFileReference section */

/* Begin PBXFileSystemSynchronizedRootGroup section */
		1B49D1972CAF361C009D0285 /* TaskSquirrel */ = {
			isa = PBXFileSystemSynchronizedRootGroup;
			path = TaskSquirrel;
			sourceTree = "<group>";
		};
		1B49D1A82CAF361E009D0285 /* TaskSquirrelTests */ = {
			isa = PBXFileSystemSynchronizedRootGroup;
			path = TaskSquirrelTests;
			sourceTree = "<group>";
		};
		1B49D1B22CAF361E009D0285 /* TaskSquirrelUITests */ = {
			isa = PBXFileSystemSynchronizedRootGroup;
			path = TaskSquirrelUITests;
			sourceTree = "<group>";
		};
/* End PBXFileSystemSynchronizedRootGroup section */

/* Begin PBXFrameworksBuildPhase section */
		1B49D1922CAF361C009D0285 /* Frameworks */ = {
			isa = PBXFrameworksBuildPhase;
			buildActionMask = 2147483647;
			files = (
			);
			runOnlyForDeploymentPostprocessing = 0;
		};
		1B49D1A22CAF361E009D0285 /* Frameworks */ = {
			isa = PBXFrameworksBuildPhase;
			buildActionMask = 2147483647;
			files = (
			);
			runOnlyForDeploymentPostprocessing = 0;
		};
		1B49D1AC2CAF361E009D0285 /* Frameworks */ = {
			isa = PBXFrameworksBuildPhase;
			buildActionMask = 2147483647;
			files = (
			);
			runOnlyForDeploymentPostprocessing = 0;
		};
/* End PBXFrameworksBuildPhase section */

/* Begin PBXGroup section */
		1B49D18C2CAF361C009D0285 = {
			isa = PBXGroup;
			children = (
				1B49D1972CAF361C009D0285 /* TaskSquirrel */,
				1B49D1A82CAF361E009D0285 /* TaskSquirrelTests */,
				1B49D1B22CAF361E009D0285 /* TaskSquirrelUITests */,
				1B49D1962CAF361C009D0285 /* Products */,
			);
			sourceTree = "<group>";
		};
		1B49D1962CAF361C009D0285 /* Products */ = {
			isa = PBXGroup;
			children = (
				1B49D1952CAF361C009D0285 /* TaskSquirrel.app */,
				1B49D1A52CAF361E009D0285 /* TaskSquirrelTests.xctest */,
				1B49D1AF2CAF361E009D0285 /* TaskSquirrelUITests.xctest */,
			);
			name = Products;
			sourceTree = "<group>";
		};
/* End PBXGroup section */

/* Begin PBXNativeTarget section */
		1B49D1942CAF361C009D0285 /* TaskSquirrel */ = {
			isa = PBXNativeTarget;
			buildConfigurationList = 1B49D1B92CAF361E009D0285 /* Build configuration list for PBXNativeTarget "TaskSquirrel" */;
			buildPhases = (
				1B49D1912CAF361C009D0285 /* Sources */,
				1B49D1922CAF361C009D0285 /* Frameworks */,
				1B49D1932CAF361C009D0285 /* Resources */,
			);
			buildRules = (
			);
			dependencies = (
			);
			fileSystemSynchronizedGroups = (
				1B49D1972CAF361C009D0285 /* TaskSquirrel */,
			);
			name = TaskSquirrel;
			packageProductDependencies = (
			);
			productName = TaskSquirrel;
			productReference = 1B49D1952CAF361C009D0285 /* TaskSquirrel.app */;
			productType = "com.apple.product-type.application";
		};
		1B49D1A42CAF361E009D0285 /* TaskSquirrelTests */ = {
			isa = PBXNativeTarget;
			buildConfigurationList = 1B49D1BC2CAF361E009D0285 /* Build configuration list for PBXNativeTarget "TaskSquirrelTests" */;
			buildPhases = (
				1B49D1A12CAF361E009D0285 /* Sources */,
				1B49D1A22CAF361E009D0285 /* Frameworks */,
				1B49D1A32CAF361E009D0285 /* Resources */,
			);
			buildRules = (
			);
			dependencies = (
				1B49D1A72CAF361E009D0285 /* PBXTargetDependency */,
			);
			fileSystemSynchronizedGroups = (
				1B49D1A82CAF361E009D0285 /* TaskSquirrelTests */,
			);
			name = TaskSquirrelTests;
			packageProductDependencies = (
			);
			productName = TaskSquirrelTests;
			productReference = 1B49D1A52CAF361E009D0285 /* TaskSquirrelTests.xctest */;
			productType = "com.apple.product-type.bundle.unit-test";
		};
		1B49D1AE2CAF361E009D0285 /* TaskSquirrelUITests */ = {
			isa = PBXNativeTarget;
			buildConfigurationList = 1B49D1BF2CAF361E009D0285 /* Build configuration list for PBXNativeTarget "TaskSquirrelUITests" */;
			buildPhases = (
				1B49D1AB2CAF361E009D0285 /* Sources */,
				1B49D1AC2CAF361E009D0285 /* Frameworks */,
				1B49D1AD2CAF361E009D0285 /* Resources */,
			);
			buildRules = (
			);
			dependencies = (
				1B49D1B12CAF361E009D0285 /* PBXTargetDependency */,
			);
			fileSystemSynchronizedGroups = (
				1B49D1B22CAF361E009D0285 /* TaskSquirrelUITests */,
			);
			name = TaskSquirrelUITests;
			packageProductDependencies = (
			);
			productName = TaskSquirrelUITests;
			productReference = 1B49D1AF2CAF361E009D0285 /* TaskSquirrelUITests.xctest */;
			productType = "com.apple.product-type.bundle.ui-testing";
		};
/* End PBXNativeTarget section */

/* Begin PBXProject section */
		1B49D18D2CAF361C009D0285 /* Project object */ = {
			isa = PBXProject;
			attributes = {
				BuildIndependentTargetsInParallel = 1;
				LastSwiftUpdateCheck = 1600;
				LastUpgradeCheck = 1600;
				TargetAttributes = {
					1B49D1942CAF361C009D0285 = {
						CreatedOnToolsVersion = 16.0;
					};
					1B49D1A42CAF361E009D0285 = {
						CreatedOnToolsVersion = 16.0;
						TestTargetID = 1B49D1942CAF361C009D0285;
					};
					1B49D1AE2CAF361E009D0285 = {
						CreatedOnToolsVersion = 16.0;
						TestTargetID = 1B49D1942CAF361C009D0285;
					};
				};
			};
			buildConfigurationList = 1B49D1902CAF361C009D0285 /* Build configuration list for PBXProject "TaskSquirrel" */;
			developmentRegion = en;
			hasScannedForEncodings = 0;
			knownRegions = (
				en,
				Base,
			);
			mainGroup = 1B49D18C2CAF361C009D0285;
			minimizedProjectReferenceProxies = 1;
			preferredProjectObjectVersion = 77;
			productRefGroup = 1B49D1962CAF361C009D0285 /* Products */;
			projectDirPath = "";
			projectRoot = "";
			targets = (
				1B49D1942CAF361C009D0285 /* TaskSquirrel */,
				1B49D1A42CAF361E009D0285 /* TaskSquirrelTests */,
				1B49D1AE2CAF361E009D0285 /* TaskSquirrelUITests */,
			);
		};
/* End PBXProject section */

/* Begin PBXResourcesBuildPhase section */
		1B49D1932CAF361C009D0285 /* Resources */ = {
			isa = PBXResourcesBuildPhase;
			buildActionMask = 2147483647;
			files = (
			);
			runOnlyForDeploymentPostprocessing = 0;
		};
		1B49D1A32CAF361E009D0285 /* Resources */ = {
			isa = PBXResourcesBuildPhase;
			buildActionMask = 2147483647;
			files = (
			);
			runOnlyForDeploymentPostprocessing = 0;
		};
		1B49D1AD2CAF361E009D0285 /* Resources */ = {
			isa = PBXResourcesBuildPhase;
			buildActionMask = 2147483647;
			files = (
			);
			runOnlyForDeploymentPostprocessing = 0;
		};
/* End PBXResourcesBuildPhase section */

/* Begin PBXSourcesBuildPhase section */
		1B49D1912CAF361C009D0285 /* Sources */ = {
			isa = PBXSourcesBuildPhase;
			buildActionMask = 2147483647;
			files = (
			);
			runOnlyForDeploymentPostprocessing = 0;
		};
		1B49D1A12CAF361E009D0285 /* Sources */ = {
			isa = PBXSourcesBuildPhase;
			buildActionMask = 2147483647;
			files = (
			);
			runOnlyForDeploymentPostprocessing = 0;
		};
		1B49D1AB2CAF361E009D0285 /* Sources */ = {
			isa = PBXSourcesBuildPhase;
			buildActionMask = 2147483647;
			files = (
			);
			runOnlyForDeploymentPostprocessing = 0;
		};
/* End PBXSourcesBuildPhase section */

/* Begin PBXTargetDependency section */
		1B49D1A72CAF361E009D0285 /* PBXTargetDependency */ = {
			isa = PBXTargetDependency;
			target = 1B49D1942CAF361C009D0285 /* TaskSquirrel */;
			targetProxy = 1B49D1A62CAF361E009D0285 /* PBXContainerItemProxy */;
		};
		1B49D1B12CAF361E009D0285 /* PBXTargetDependency */ = {
			isa = PBXTargetDependency;
			target = 1B49D1942CAF361C009D0285 /* TaskSquirrel */;
			targetProxy = 1B49D1B02CAF361E009D0285 /* PBXContainerItemProxy */;
		};
/* End PBXTargetDependency section */

/* Begin XCBuildConfiguration section */
		1B49D1B72CAF361E009D0285 /* Debug */ = {
			isa = XCBuildConfiguration;
			buildSettings = {
				ALWAYS_SEARCH_USER_PATHS = NO;
				ASSETCATALOG_COMPILER_GENERATE_SWIFT_ASSET_SYMBOL_EXTENSIONS = YES;
				CLANG_ANALYZER_NONNULL = YES;
				CLANG_ANALYZER_NUMBER_OBJECT_CONVERSION = YES_AGGRESSIVE;
				CLANG_CXX_LANGUAGE_STANDARD = "gnu++20";
				CLANG_ENABLE_MODULES = YES;
				CLANG_ENABLE_OBJC_ARC = YES;
				CLANG_ENABLE_OBJC_WEAK = YES;
				CLANG_WARN_BLOCK_CAPTURE_AUTORELEASING = YES;
				CLANG_WARN_BOOL_CONVERSION = YES;
				CLANG_WARN_COMMA = YES;
				CLANG_WARN_CONSTANT_CONVERSION = YES;
				CLANG_WARN_DEPRECATED_OBJC_IMPLEMENTATIONS = YES;
				CLANG_WARN_DIRECT_OBJC_ISA_USAGE = YES_ERROR;
				CLANG_WARN_DOCUMENTATION_COMMENTS = YES;
				CLANG_WARN_EMPTY_BODY = YES;
				CLANG_WARN_ENUM_CONVERSION = YES;
				CLANG_WARN_INFINITE_RECURSION = YES;
				CLANG_WARN_INT_CONVERSION = YES;
				CLANG_WARN_NON_LITERAL_NULL_CONVERSION = YES;
				CLANG_WARN_OBJC_IMPLICIT_RETAIN_SELF = YES;
				CLANG_WARN_OBJC_LITERAL_CONVERSION = YES;
				CLANG_WARN_OBJC_ROOT_CLASS = YES_ERROR;
				CLANG_WARN_QUOTED_INCLUDE_IN_FRAMEWORK_HEADER = YES;
				CLANG_WARN_RANGE_LOOP_ANALYSIS = YES;
				CLANG_WARN_STRICT_PROTOTYPES = YES;
				CLANG_WARN_SUSPICIOUS_MOVE = YES;
				CLANG_WARN_UNGUARDED_AVAILABILITY = YES_AGGRESSIVE;
				CLANG_WARN_UNREACHABLE_CODE = YES;
				CLANG_WARN__DUPLICATE_METHOD_MATCH = YES;
				COPY_PHASE_STRIP = NO;
				DEBUG_INFORMATION_FORMAT = dwarf;
				ENABLE_STRICT_OBJC_MSGSEND = YES;
				ENABLE_TESTABILITY = YES;
				ENABLE_USER_SCRIPT_SANDBOXING = YES;
				GCC_C_LANGUAGE_STANDARD = gnu17;
				GCC_DYNAMIC_NO_PIC = NO;
				GCC_NO_COMMON_BLOCKS = YES;
				GCC_OPTIMIZATION_LEVEL = 0;
				GCC_PREPROCESSOR_DEFINITIONS = (
					"DEBUG=1",
					"$(inherited)",
				);
				GCC_WARN_64_TO_32_BIT_CONVERSION = YES;
				GCC_WARN_ABOUT_RETURN_TYPE = YES_ERROR;
				GCC_WARN_UNDECLARED_SELECTOR = YES;
				GCC_WARN_UNINITIALIZED_AUTOS = YES_AGGRESSIVE;
				GCC_WARN_UNUSED_FUNCTION = YES;
				GCC_WARN_UNUSED_VARIABLE = YES;
				IPHONEOS_DEPLOYMENT_TARGET = 18.0;
				LOCALIZATION_PREFERS_STRING_CATALOGS = YES;
				MTL_ENABLE_DEBUG_INFO = INCLUDE_SOURCE;
				MTL_FAST_MATH = YES;
				ONLY_ACTIVE_ARCH = YES;
				SDKROOT = iphoneos;
				SWIFT_ACTIVE_COMPILATION_CONDITIONS = "DEBUG $(inherited)";
				SWIFT_OPTIMIZATION_LEVEL = "-Onone";
			};
			name = Debug;
		};
		1B49D1B82CAF361E009D0285 /* Release */ = {
			isa = XCBuildConfiguration;
			buildSettings = {
				ALWAYS_SEARCH_USER_PATHS = NO;
				ASSETCATALOG_COMPILER_GENERATE_SWIFT_ASSET_SYMBOL_EXTENSIONS = YES;
				CLANG_ANALYZER_NONNULL = YES;
				CLANG_ANALYZER_NUMBER_OBJECT_CONVERSION = YES_AGGRESSIVE;
				CLANG_CXX_LANGUAGE_STANDARD = "gnu++20";
				CLANG_ENABLE_MODULES = YES;
				CLANG_ENABLE_OBJC_ARC = YES;
				CLANG_ENABLE_OBJC_WEAK = YES;
				CLANG_WARN_BLOCK_CAPTURE_AUTORELEASING = YES;
				CLANG_WARN_BOOL_CONVERSION = YES;
				CLANG_WARN_COMMA = YES;
				CLANG_WARN_CONSTANT_CONVERSION = YES;
				CLANG_WARN_DEPRECATED_OBJC_IMPLEMENTATIONS = YES;
				CLANG_WARN_DIRECT_OBJC_ISA_USAGE = YES_ERROR;
				CLANG_WARN_DOCUMENTATION_COMMENTS = YES;
				CLANG_WARN_EMPTY_BODY = YES;
				CLANG_WARN_ENUM_CONVERSION = YES;
				CLANG_WARN_INFINITE_RECURSION = YES;
				CLANG_WARN_INT_CONVERSION = YES;
				CLANG_WARN_NON_LITERAL_NULL_CONVERSION = YES;
				CLANG_WARN_OBJC_IMPLICIT_RETAIN_SELF = YES;
				CLANG_WARN_OBJC_LITERAL_CONVERSION = YES;
				CLANG_WARN_OBJC_ROOT_CLASS = YES_ERROR;
				CLANG_WARN_QUOTED_INCLUDE_IN_FRAMEWORK_HEADER = YES;
				CLANG_WARN_RANGE_LOOP_ANALYSIS = YES;
				CLANG_WARN_STRICT_PROTOTYPES = YES;
				CLANG_WARN_SUSPICIOUS_MOVE = YES;
				CLANG_WARN_UNGUARDED_AVAILABILITY = YES_AGGRESSIVE;
				CLANG_WARN_UNREACHABLE_CODE = YES;
				CLANG_WARN__DUPLICATE_METHOD_MATCH = YES;
				COPY_PHASE_STRIP = NO;
				DEBUG_INFORMATION_FORMAT = "dwarf-with-dsym";
				ENABLE_NS_ASSERTIONS = NO;
				ENABLE_STRICT_OBJC_MSGSEND = YES;
				ENABLE_USER_SCRIPT_SANDBOXING = YES;
				GCC_C_LANGUAGE_STANDARD = gnu17;
				GCC_NO_COMMON_BLOCKS = YES;
				GCC_WARN_64_TO_32_BIT_CONVERSION = YES;
				GCC_WARN_ABOUT_RETURN_TYPE = YES_ERROR;
				GCC_WARN_UNDECLARED_SELECTOR = YES;
				GCC_WARN_UNINITIALIZED_AUTOS = YES_AGGRESSIVE;
				GCC_WARN_UNUSED_FUNCTION = YES;
				GCC_WARN_UNUSED_VARIABLE = YES;
				IPHONEOS_DEPLOYMENT_TARGET = 18.0;
				LOCALIZATION_PREFERS_STRING_CATALOGS = YES;
				MTL_ENABLE_DEBUG_INFO = NO;
				MTL_FAST_MATH = YES;
				SDKROOT = iphoneos;
				SWIFT_COMPILATION_MODE = wholemodule;
				VALIDATE_PRODUCT = YES;
			};
			name = Release;
		};
		1B49D1BA2CAF361E009D0285 /* Debug */ = {
			isa = XCBuildConfiguration;
			buildSettings = {
				ASSETCATALOG_COMPILER_APPICON_NAME = AppIcon;
				ASSETCATALOG_COMPILER_GLOBAL_ACCENT_COLOR_NAME = AccentColor;
				CODE_SIGN_STYLE = Automatic;
				CURRENT_PROJECT_VERSION = 1;
				DEVELOPMENT_ASSET_PATHS = "\"TaskSquirrel/Preview Content\"";
				ENABLE_PREVIEWS = YES;
				GENERATE_INFOPLIST_FILE = YES;
				INFOPLIST_KEY_UIApplicationSceneManifest_Generation = YES;
				INFOPLIST_KEY_UIApplicationSupportsIndirectInputEvents = YES;
				INFOPLIST_KEY_UILaunchScreen_Generation = YES;
				INFOPLIST_KEY_UISupportedInterfaceOrientations_iPad = "UIInterfaceOrientationPortrait UIInterfaceOrientationPortraitUpsideDown UIInterfaceOrientationLandscapeLeft UIInterfaceOrientationLandscapeRight";
				INFOPLIST_KEY_UISupportedInterfaceOrientations_iPhone = "UIInterfaceOrientationPortrait UIInterfaceOrientationLandscapeLeft UIInterfaceOrientationLandscapeRight";
				LD_RUNPATH_SEARCH_PATHS = (
					"$(inherited)",
					"@executable_path/Frameworks",
				);
				MARKETING_VERSION = 1.0;
				PRODUCT_BUNDLE_IDENTIFIER = com.github.Savantah.TaskSquirrel;
				PRODUCT_NAME = "$(TARGET_NAME)";
				SWIFT_EMIT_LOC_STRINGS = YES;
				SWIFT_VERSION = 5.0;
				TARGETED_DEVICE_FAMILY = "1,2";
			};
			name = Debug;
		};
		1B49D1BB2CAF361E009D0285 /* Release */ = {
			isa = XCBuildConfiguration;
			buildSettings = {
				ASSETCATALOG_COMPILER_APPICON_NAME = AppIcon;
				ASSETCATALOG_COMPILER_GLOBAL_ACCENT_COLOR_NAME = AccentColor;
				CODE_SIGN_STYLE = Automatic;
				CURRENT_PROJECT_VERSION = 1;
				DEVELOPMENT_ASSET_PATHS = "\"TaskSquirrel/Preview Content\"";
				ENABLE_PREVIEWS = YES;
				GENERATE_INFOPLIST_FILE = YES;
				INFOPLIST_KEY_UIApplicationSceneManifest_Generation = YES;
				INFOPLIST_KEY_UIApplicationSupportsIndirectInputEvents = YES;
				INFOPLIST_KEY_UILaunchScreen_Generation = YES;
				INFOPLIST_KEY_UISupportedInterfaceOrientations_iPad = "UIInterfaceOrientationPortrait UIInterfaceOrientationPortraitUpsideDown UIInterfaceOrientationLandscapeLeft UIInterfaceOrientationLandscapeRight";
				INFOPLIST_KEY_UISupportedInterfaceOrientations_iPhone = "UIInterfaceOrientationPortrait UIInterfaceOrientationLandscapeLeft UIInterfaceOrientationLandscapeRight";
				LD_RUNPATH_SEARCH_PATHS = (
					"$(inherited)",
					"@executable_path/Frameworks",
				);
				MARKETING_VERSION = 1.0;
				PRODUCT_BUNDLE_IDENTIFIER = com.github.Savantah.TaskSquirrel;
				PRODUCT_NAME = "$(TARGET_NAME)";
				SWIFT_EMIT_LOC_STRINGS = YES;
				SWIFT_VERSION = 5.0;
				TARGETED_DEVICE_FAMILY = "1,2";
			};
			name = Release;
		};
		1B49D1BD2CAF361E009D0285 /* Debug */ = {
			isa = XCBuildConfiguration;
			buildSettings = {
				BUNDLE_LOADER = "$(TEST_HOST)";
				CODE_SIGN_STYLE = Automatic;
				CURRENT_PROJECT_VERSION = 1;
				GENERATE_INFOPLIST_FILE = YES;
				IPHONEOS_DEPLOYMENT_TARGET = 18.0;
				MARKETING_VERSION = 1.0;
				PRODUCT_BUNDLE_IDENTIFIER = com.github.Savantah.TaskSquirrelTests;
				PRODUCT_NAME = "$(TARGET_NAME)";
				SWIFT_EMIT_LOC_STRINGS = NO;
				SWIFT_VERSION = 5.0;
				TARGETED_DEVICE_FAMILY = "1,2";
				TEST_HOST = "$(BUILT_PRODUCTS_DIR)/TaskSquirrel.app/$(BUNDLE_EXECUTABLE_FOLDER_PATH)/TaskSquirrel";
			};
			name = Debug;
		};
		1B49D1BE2CAF361E009D0285 /* Release */ = {
			isa = XCBuildConfiguration;
			buildSettings = {
				BUNDLE_LOADER = "$(TEST_HOST)";
				CODE_SIGN_STYLE = Automatic;
				CURRENT_PROJECT_VERSION = 1;
				GENERATE_INFOPLIST_FILE = YES;
				IPHONEOS_DEPLOYMENT_TARGET = 18.0;
				MARKETING_VERSION = 1.0;
				PRODUCT_BUNDLE_IDENTIFIER = com.github.Savantah.TaskSquirrelTests;
				PRODUCT_NAME = "$(TARGET_NAME)";
				SWIFT_EMIT_LOC_STRINGS = NO;
				SWIFT_VERSION = 5.0;
				TARGETED_DEVICE_FAMILY = "1,2";
				TEST_HOST = "$(BUILT_PRODUCTS_DIR)/TaskSquirrel.app/$(BUNDLE_EXECUTABLE_FOLDER_PATH)/TaskSquirrel";
			};
			name = Release;
		};
		1B49D1C02CAF361E009D0285 /* Debug */ = {
			isa = XCBuildConfiguration;
			buildSettings = {
				CODE_SIGN_STYLE = Automatic;
				CURRENT_PROJECT_VERSION = 1;
				GENERATE_INFOPLIST_FILE = YES;
				MARKETING_VERSION = 1.0;
				PRODUCT_BUNDLE_IDENTIFIER = com.github.Savantah.TaskSquirrelUITests;
				PRODUCT_NAME = "$(TARGET_NAME)";
				SWIFT_EMIT_LOC_STRINGS = NO;
				SWIFT_VERSION = 5.0;
				TARGETED_DEVICE_FAMILY = "1,2";
				TEST_TARGET_NAME = TaskSquirrel;
			};
			name = Debug;
		};
		1B49D1C12CAF361E009D0285 /* Release */ = {
			isa = XCBuildConfiguration;
			buildSettings = {
				CODE_SIGN_STYLE = Automatic;
				CURRENT_PROJECT_VERSION = 1;
				GENERATE_INFOPLIST_FILE = YES;
				MARKETING_VERSION = 1.0;
				PRODUCT_BUNDLE_IDENTIFIER = com.github.Savantah.TaskSquirrelUITests;
				PRODUCT_NAME = "$(TARGET_NAME)";
				SWIFT_EMIT_LOC_STRINGS = NO;
				SWIFT_VERSION = 5.0;
				TARGETED_DEVICE_FAMILY = "1,2";
				TEST_TARGET_NAME = TaskSquirrel;
			};
			name = Release;
		};
/* End XCBuildConfiguration section */

/* Begin XCConfigurationList section */
		1B49D1902CAF361C009D0285 /* Build configuration list for PBXProject "TaskSquirrel" */ = {
			isa = XCConfigurationList;
			buildConfigurations = (
				1B49D1B72CAF361E009D0285 /* Debug */,
				1B49D1B82CAF361E009D0285 /* Release */,
			);
			defaultConfigurationIsVisible = 0;
			defaultConfigurationName = Release;
		};
		1B49D1B92CAF361E009D0285 /* Build configuration list for PBXNativeTarget "TaskSquirrel" */ = {
			isa = XCConfigurationList;
			buildConfigurations = (
				1B49D1BA2CAF361E009D0285 /* Debug */,
				1B49D1BB2CAF361E009D0285 /* Release */,
			);
			defaultConfigurationIsVisible = 0;
			defaultConfigurationName = Release;
		};
		1B49D1BC2CAF361E009D0285 /* Build configuration list for PBXNativeTarget "TaskSquirrelTests" */ = {
			isa = XCConfigurationList;
			buildConfigurations = (
				1B49D1BD2CAF361E009D0285 /* Debug */,
				1B49D1BE2CAF361E009D0285 /* Release */,
			);
			defaultConfigurationIsVisible = 0;
			defaultConfigurationName = Release;
		};
		1B49D1BF2CAF361E009D0285 /* Build configuration list for PBXNativeTarget "TaskSquirrelUITests" */ = {
			isa = XCConfigurationList;
			buildConfigurations = (
				1B49D1C02CAF361E009D0285 /* Debug */,
				1B49D1C12CAF361E009D0285 /* Release */,
			);
			defaultConfigurationIsVisible = 0;
			defaultConfigurationName = Release;
		};
/* End XCConfigurationList section */
	};
	rootObject = 1B49D18D2CAF361C009D0285 /* Project object */;
}
